
Microsoft Visual Studio Solution File, Format Version 12.00
# Visual Studio 15
VisualStudioVersion = 15.0.26403.0
MinimumVisualStudioVersion = 10.0.40219.1
Project("{FAE04EC0-301F-11D3-BF4B-00C04F79EFBC}") = "StressLoadDemo", "StressLoadDemo\StressLoadDemo.csproj", "{2C2C1F6F-2062-4745-BC7E-4EBE1B5B1EEC}"
	ProjectSection(ProjectDependencies) = postProject
		{38490692-34C8-4C80-9981-30A7A09310A8} = {38490692-34C8-4C80-9981-30A7A09310A8}
	EndProjectSection
EndProject
Project("{FAE04EC0-301F-11D3-BF4B-00C04F79EFBC}") = "DeviceLoad", "DeviceLoad\DeviceLoad.csproj", "{38490692-34C8-4C80-9981-30A7A09310A8}"
EndProject
Global
	GlobalSection(SolutionConfigurationPlatforms) = preSolution
		Debug|Any CPU = Debug|Any CPU
		Release|Any CPU = Release|Any CPU
	EndGlobalSection
	GlobalSection(ProjectConfigurationPlatforms) = postSolution
		{2C2C1F6F-2062-4745-BC7E-4EBE1B5B1EEC}.Debug|Any CPU.ActiveCfg = Debug|Any CPU
		{2C2C1F6F-2062-4745-BC7E-4EBE1B5B1EEC}.Debug|Any CPU.Build.0 = Debug|Any CPU
		{2C2C1F6F-2062-4745-BC7E-4EBE1B5B1EEC}.Release|Any CPU.ActiveCfg = Release|Any CPU
		{2C2C1F6F-2062-4745-BC7E-4EBE1B5B1EEC}.Release|Any CPU.Build.0 = Release|Any CPU
		{38490692-34C8-4C80-9981-30A7A09310A8}.Debug|Any CPU.ActiveCfg = Debug|Any CPU
		{38490692-34C8-4C80-9981-30A7A09310A8}.Debug|Any CPU.Build.0 = Debug|Any CPU
		{38490692-34C8-4C80-9981-30A7A09310A8}.Release|Any CPU.ActiveCfg = Release|Any CPU
		{38490692-34C8-4C80-9981-30A7A09310A8}.Release|Any CPU.Build.0 = Release|Any CPU
	EndGlobalSection
	GlobalSection(SolutionProperties) = preSolution
		HideSolutionNode = FALSE
	EndGlobalSection
EndGlobal
